Microsoft Visual Studio Solution File, Format Version 12.00
# Visual Studio 2012
Project("{FAE04EC0-301F-11D3-BF4B-00C04F79EFBC}") = "inventory", "inventory.csproj", "{1FA91276-0112-4BCB-98BD-1753BD240892}"
EndProject
Global
	GlobalSection(SolutionConfigurationPlatforms) = preSolution
	Debug|Any CPU = Debug|Any CPU
	ExportDebug|Any CPU = ExportDebug|Any CPU
	ExportRelease|Any CPU = ExportRelease|Any CPU
	EndGlobalSection
	GlobalSection(ProjectConfigurationPlatforms) = postSolution
		{1FA91276-0112-4BCB-98BD-1753BD240892}.Debug|Any CPU.ActiveCfg = Debug|Any CPU
		{1FA91276-0112-4BCB-98BD-1753BD240892}.Debug|Any CPU.Build.0 = Debug|Any CPU
		{1FA91276-0112-4BCB-98BD-1753BD240892}.ExportDebug|Any CPU.ActiveCfg = ExportDebug|Any CPU
		{1FA91276-0112-4BCB-98BD-1753BD240892}.ExportDebug|Any CPU.Build.0 = ExportDebug|Any CPU
		{1FA91276-0112-4BCB-98BD-1753BD240892}.ExportRelease|Any CPU.ActiveCfg = ExportRelease|Any CPU
		{1FA91276-0112-4BCB-98BD-1753BD240892}.ExportRelease|Any CPU.Build.0 = ExportRelease|Any CPU
	EndGlobalSection
EndGlobal
